// !$*UTF8*$!
{
	archiveVersion = 1;
	classes = {
	};
	objectVersion = 50;
	objects = {

/* Begin PBXBuildFile section */
		3F3E3EA623CE9B4400B18DD1 /* AppDelegate.swift in Sources */ = {isa = PBXBuildFile; fileRef = 3F3E3EA523CE9B4400B18DD1 /* AppDelegate.swift */; };
		3F3E3EA823CE9B4400B18DD1 /* ViewController.swift in Sources */ = {isa = PBXBuildFile; fileRef = 3F3E3EA723CE9B4400B18DD1 /* ViewController.swift */; };
		3F3E3EAB23CE9B4400B18DD1 /* Main.storyboard in Resources */ = {isa = PBXBuildFile; fileRef = 3F3E3EA923CE9B4400B18DD1 /* Main.storyboard */; };
		3F3E3EAE23CE9B4400B18DD1 /* BLT.xcdatamodeld in Sources */ = {isa = PBXBuildFile; fileRef = 3F3E3EAC23CE9B4400B18DD1 /* BLT.xcdatamodeld */; };
		3F3E3EB023CE9B4A00B18DD1 /* Assets.xcassets in Resources */ = {isa = PBXBuildFile; fileRef = 3F3E3EAF23CE9B4A00B18DD1 /* Assets.xcassets */; };
		3F3E3EB323CE9B4A00B18DD1 /* LaunchScreen.storyboard in Resources */ = {isa = PBXBuildFile; fileRef = 3F3E3EB123CE9B4A00B18DD1 /* LaunchScreen.storyboard */; };
		3F3E3EBE23CE9B4A00B18DD1 /* BLTTests.swift in Sources */ = {isa = PBXBuildFile; fileRef = 3F3E3EBD23CE9B4A00B18DD1 /* BLTTests.swift */; };
		3F3E3EC923CE9B4A00B18DD1 /* BLTUITests.swift in Sources */ = {isa = PBXBuildFile; fileRef = 3F3E3EC823CE9B4A00B18DD1 /* BLTUITests.swift */; };
		492801122F85D01760808B16 /* Pods_BLT.framework in Frameworks */ = {isa = PBXBuildFile; fileRef = 74C35F07CE8A637EE9C5C0B4 /* Pods_BLT.framework */; };
		90F0D1913488099FA0FF68A2 /* Pods_BLT_BLTUITests.framework in Frameworks */ = {isa = PBXBuildFile; fileRef = 157F7E1CCFC05E8D1F7C22F2 /* Pods_BLT_BLTUITests.framework */; };
		C42F3E2BADD0574C7EA945EF /* Pods_BLTTests.framework in Frameworks */ = {isa = PBXBuildFile; fileRef = 47AD217EF7128423F27F7C94 /* Pods_BLTTests.framework */; };
/* End PBXBuildFile section */

/* Begin PBXContainerItemProxy section */
		3F3E3EBA23CE9B4A00B18DD1 /* PBXContainerItemProxy */ = {
			isa = PBXContainerItemProxy;
			containerPortal = 3F3E3E9A23CE9B4400B18DD1 /* Project object */;
			proxyType = 1;
			remoteGlobalIDString = 3F3E3EA123CE9B4400B18DD1;
			remoteInfo = BLT;
		};
		3F3E3EC523CE9B4A00B18DD1 /* PBXContainerItemProxy */ = {
			isa = PBXContainerItemProxy;
			containerPortal = 3F3E3E9A23CE9B4400B18DD1 /* Project object */;
			proxyType = 1;
			remoteGlobalIDString = 3F3E3EA123CE9B4400B18DD1;
			remoteInfo = BLT;
		};
/* End PBXContainerItemProxy section */

/* Begin PBXFileReference section */
		157F7E1CCFC05E8D1F7C22F2 /* Pods_BLT_BLTUITests.framework */ = {isa = PBXFileReference; explicitFileType = wrapper.framework; includeInIndex = 0; path = Pods_BLT_BLTUITests.framework; sourceTree = BUILT_PRODUCTS_DIR; };
		3F3E3EA223CE9B4400B18DD1 /* BLT.app */ = {isa = PBXFileReference; explicitFileType = wrapper.application; includeInIndex = 0; path = BLT.app; sourceTree = BUILT_PRODUCTS_DIR; };
		3F3E3EA523CE9B4400B18DD1 /* AppDelegate.swift */ = {isa = PBXFileReference; lastKnownFileType = sourcecode.swift; path = AppDelegate.swift; sourceTree = "<group>"; };
		3F3E3EA723CE9B4400B18DD1 /* ViewController.swift */ = {isa = PBXFileReference; lastKnownFileType = sourcecode.swift; path = ViewController.swift; sourceTree = "<group>"; };
		3F3E3EAA23CE9B4400B18DD1 /* Base */ = {isa = PBXFileReference; lastKnownFileType = file.storyboard; name = Base; path = Base.lproj/Main.storyboard; sourceTree = "<group>"; };
		3F3E3EAD23CE9B4400B18DD1 /* BLT.xcdatamodel */ = {isa = PBXFileReference; lastKnownFileType = wrapper.xcdatamodel; path = BLT.xcdatamodel; sourceTree = "<group>"; };
		3F3E3EAF23CE9B4A00B18DD1 /* Assets.xcassets */ = {isa = PBXFileReference; lastKnownFileType = folder.assetcatalog; path = Assets.xcassets; sourceTree = "<group>"; };
		3F3E3EB223CE9B4A00B18DD1 /* Base */ = {isa = PBXFileReference; lastKnownFileType = file.storyboard; name = Base; path = Base.lproj/LaunchScreen.storyboard; sourceTree = "<group>"; };
		3F3E3EB423CE9B4A00B18DD1 /* Info.plist */ = {isa = PBXFileReference; lastKnownFileType = text.plist.xml; path = Info.plist; sourceTree = "<group>"; };
		3F3E3EB923CE9B4A00B18DD1 /* BLTTests.xctest */ = {isa = PBXFileReference; explicitFileType = wrapper.cfbundle; includeInIndex = 0; path = BLTTests.xctest; sourceTree = BUILT_PRODUCTS_DIR; };
		3F3E3EBD23CE9B4A00B18DD1 /* BLTTests.swift */ = {isa = PBXFileReference; lastKnownFileType = sourcecode.swift; path = BLTTests.swift; sourceTree = "<group>"; };
		3F3E3EBF23CE9B4A00B18DD1 /* Info.plist */ = {isa = PBXFileReference; lastKnownFileType = text.plist.xml; path = Info.plist; sourceTree = "<group>"; };
		3F3E3EC423CE9B4A00B18DD1 /* BLTUITests.xctest */ = {isa = PBXFileReference; explicitFileType = wrapper.cfbundle; includeInIndex = 0; path = BLTUITests.xctest; sourceTree = BUILT_PRODUCTS_DIR; };
		3F3E3EC823CE9B4A00B18DD1 /* BLTUITests.swift */ = {isa = PBXFileReference; lastKnownFileType = sourcecode.swift; path = BLTUITests.swift; sourceTree = "<group>"; };
		3F3E3ECA23CE9B4A00B18DD1 /* Info.plist */ = {isa = PBXFileReference; lastKnownFileType = text.plist.xml; path = Info.plist; sourceTree = "<group>"; };
		47AD217EF7128423F27F7C94 /* Pods_BLTTests.framework */ = {isa = PBXFileReference; explicitFileType = wrapper.framework; includeInIndex = 0; path = Pods_BLTTests.framework; sourceTree = BUILT_PRODUCTS_DIR; };
		74C35F07CE8A637EE9C5C0B4 /* Pods_BLT.framework */ = {isa = PBXFileReference; explicitFileType = wrapper.framework; includeInIndex = 0; path = Pods_BLT.framework; sourceTree = BUILT_PRODUCTS_DIR; };
/* End PBXFileReference section */

/* Begin PBXFrameworksBuildPhase section */
		3F3E3E9F23CE9B4400B18DD1 /* Frameworks */ = {
			isa = PBXFrameworksBuildPhase;
			buildActionMask = 2147483647;
			files = (
				492801122F85D01760808B16 /* Pods_BLT.framework in Frameworks */,
			);
			runOnlyForDeploymentPostprocessing = 0;
		};
		3F3E3EB623CE9B4A00B18DD1 /* Frameworks */ = {
			isa = PBXFrameworksBuildPhase;
			buildActionMask = 2147483647;
			files = (
				C42F3E2BADD0574C7EA945EF /* Pods_BLTTests.framework in Frameworks */,
			);
			runOnlyForDeploymentPostprocessing = 0;
		};
		3F3E3EC123CE9B4A00B18DD1 /* Frameworks */ = {
			isa = PBXFrameworksBuildPhase;
			buildActionMask = 2147483647;
			files = (
				90F0D1913488099FA0FF68A2 /* Pods_BLT_BLTUITests.framework in Frameworks */,
			);
			runOnlyForDeploymentPostprocessing = 0;
		};
/* End PBXFrameworksBuildPhase section */

/* Begin PBXGroup section */
		3F3E3E9923CE9B4400B18DD1 = {
			isa = PBXGroup;
			children = (
				3F3E3EA423CE9B4400B18DD1 /* BLT */,
				3F3E3EBC23CE9B4A00B18DD1 /* BLTTests */,
				3F3E3EC723CE9B4A00B18DD1 /* BLTUITests */,
				3F3E3EA323CE9B4400B18DD1 /* Products */,
				E493962206D8E0BB0F65DAB1 /* Frameworks */,
			);
			sourceTree = "<group>";
		};
		3F3E3EA323CE9B4400B18DD1 /* Products */ = {
			isa = PBXGroup;
			children = (
				3F3E3EA223CE9B4400B18DD1 /* BLT.app */,
				3F3E3EB923CE9B4A00B18DD1 /* BLTTests.xctest */,
				3F3E3EC423CE9B4A00B18DD1 /* BLTUITests.xctest */,
			);
			name = Products;
			sourceTree = "<group>";
		};
		3F3E3EA423CE9B4400B18DD1 /* BLT */ = {
			isa = PBXGroup;
			children = (
				3F3E3EA523CE9B4400B18DD1 /* AppDelegate.swift */,
				3F3E3EA723CE9B4400B18DD1 /* ViewController.swift */,
				3F3E3EA923CE9B4400B18DD1 /* Main.storyboard */,
				3F3E3EAF23CE9B4A00B18DD1 /* Assets.xcassets */,
				3F3E3EB123CE9B4A00B18DD1 /* LaunchScreen.storyboard */,
				3F3E3EB423CE9B4A00B18DD1 /* Info.plist */,
				3F3E3EAC23CE9B4400B18DD1 /* BLT.xcdatamodeld */,
			);
			path = BLT;
			sourceTree = "<group>";
		};
		3F3E3EBC23CE9B4A00B18DD1 /* BLTTests */ = {
			isa = PBXGroup;
			children = (
				3F3E3EBD23CE9B4A00B18DD1 /* BLTTests.swift */,
				3F3E3EBF23CE9B4A00B18DD1 /* Info.plist */,
			);
			path = BLTTests;
			sourceTree = "<group>";
		};
		3F3E3EC723CE9B4A00B18DD1 /* BLTUITests */ = {
			isa = PBXGroup;
			children = (
				3F3E3EC823CE9B4A00B18DD1 /* BLTUITests.swift */,
				3F3E3ECA23CE9B4A00B18DD1 /* Info.plist */,
			);
			path = BLTUITests;
			sourceTree = "<group>";
		};
		E493962206D8E0BB0F65DAB1 /* Frameworks */ = {
			isa = PBXGroup;
			children = (
				74C35F07CE8A637EE9C5C0B4 /* Pods_BLT.framework */,
				157F7E1CCFC05E8D1F7C22F2 /* Pods_BLT_BLTUITests.framework */,
				47AD217EF7128423F27F7C94 /* Pods_BLTTests.framework */,
			);
			name = Frameworks;
			sourceTree = "<group>";
		};
/* End PBXGroup section */

/* Begin PBXNativeTarget section */
		3F3E3EA123CE9B4400B18DD1 /* BLT */ = {
			isa = PBXNativeTarget;
			buildConfigurationList = 3F3E3ECD23CE9B4A00B18DD1 /* Build configuration list for PBXNativeTarget "BLT" */;
			buildPhases = (
				25B2E2EE5939D9933E5915CA /* [CP] Check Pods Manifest.lock */,
				3F3E3E9E23CE9B4400B18DD1 /* Sources */,
				3F3E3E9F23CE9B4400B18DD1 /* Frameworks */,
				3F3E3EA023CE9B4400B18DD1 /* Resources */,
				3F3E3ED623D0A5E900B18DD1 /* ShellScript */,
			);
			buildRules = (
			);
			dependencies = (
			);
			name = BLT;
			productName = BLT;
			productReference = 3F3E3EA223CE9B4400B18DD1 /* BLT.app */;
			productType = "com.apple.product-type.application";
		};
		3F3E3EB823CE9B4A00B18DD1 /* BLTTests */ = {
			isa = PBXNativeTarget;
			buildConfigurationList = 3F3E3ED023CE9B4A00B18DD1 /* Build configuration list for PBXNativeTarget "BLTTests" */;
			buildPhases = (
				0B6E2A39F63FA36919D220D4 /* [CP] Check Pods Manifest.lock */,
				3F3E3EB523CE9B4A00B18DD1 /* Sources */,
				3F3E3EB623CE9B4A00B18DD1 /* Frameworks */,
				3F3E3EB723CE9B4A00B18DD1 /* Resources */,
			);
			buildRules = (
			);
			dependencies = (
				3F3E3EBB23CE9B4A00B18DD1 /* PBXTargetDependency */,
			);
			name = BLTTests;
			productName = BLTTests;
			productReference = 3F3E3EB923CE9B4A00B18DD1 /* BLTTests.xctest */;
			productType = "com.apple.product-type.bundle.unit-test";
		};
		3F3E3EC323CE9B4A00B18DD1 /* BLTUITests */ = {
			isa = PBXNativeTarget;
			buildConfigurationList = 3F3E3ED323CE9B4A00B18DD1 /* Build configuration list for PBXNativeTarget "BLTUITests" */;
			buildPhases = (
				D72FF61F1B072BCB34BB4420 /* [CP] Check Pods Manifest.lock */,
				3F3E3EC023CE9B4A00B18DD1 /* Sources */,
				3F3E3EC123CE9B4A00B18DD1 /* Frameworks */,
				3F3E3EC223CE9B4A00B18DD1 /* Resources */,
			);
			buildRules = (
			);
			dependencies = (
				3F3E3EC623CE9B4A00B18DD1 /* PBXTargetDependency */,
			);
			name = BLTUITests;
			productName = BLTUITests;
			productReference = 3F3E3EC423CE9B4A00B18DD1 /* BLTUITests.xctest */;
			productType = "com.apple.product-type.bundle.ui-testing";
		};
/* End PBXNativeTarget section */

/* Begin PBXProject section */
		3F3E3E9A23CE9B4400B18DD1 /* Project object */ = {
			isa = PBXProject;
			attributes = {
				LastSwiftUpdateCheck = 1010;
				LastUpgradeCheck = 1010;
				ORGANIZATIONNAME = "BLT Group";
				TargetAttributes = {
					3F3E3EA123CE9B4400B18DD1 = {
						CreatedOnToolsVersion = 10.1;
					};
					3F3E3EB823CE9B4A00B18DD1 = {
						CreatedOnToolsVersion = 10.1;
						TestTargetID = 3F3E3EA123CE9B4400B18DD1;
					};
					3F3E3EC323CE9B4A00B18DD1 = {
						CreatedOnToolsVersion = 10.1;
						TestTargetID = 3F3E3EA123CE9B4400B18DD1;
					};
				};
			};
			buildConfigurationList = 3F3E3E9D23CE9B4400B18DD1 /* Build configuration list for PBXProject "BLT" */;
			compatibilityVersion = "Xcode 9.3";
			developmentRegion = en;
			hasScannedForEncodings = 0;
			knownRegions = (
				en,
				Base,
			);
			mainGroup = 3F3E3E9923CE9B4400B18DD1;
			productRefGroup = 3F3E3EA323CE9B4400B18DD1 /* Products */;
			projectDirPath = "";
			projectRoot = "";
			targets = (
				3F3E3EA123CE9B4400B18DD1 /* BLT */,
				3F3E3EB823CE9B4A00B18DD1 /* BLTTests */,
				3F3E3EC323CE9B4A00B18DD1 /* BLTUITests */,
			);
		};
/* End PBXProject section */

/* Begin PBXResourcesBuildPhase section */
		3F3E3EA023CE9B4400B18DD1 /* Resources */ = {
			isa = PBXResourcesBuildPhase;
			buildActionMask = 2147483647;
			files = (
				3F3E3EB323CE9B4A00B18DD1 /* LaunchScreen.storyboard in Resources */,
				3F3E3EB023CE9B4A00B18DD1 /* Assets.xcassets in Resources */,
				3F3E3EAB23CE9B4400B18DD1 /* Main.storyboard in Resources */,
			);
			runOnlyForDeploymentPostprocessing = 0;
		};
		3F3E3EB723CE9B4A00B18DD1 /* Resources */ = {
			isa = PBXResourcesBuildPhase;
			buildActionMask = 2147483647;
			files = (
			);
			runOnlyForDeploymentPostprocessing = 0;
		};
		3F3E3EC223CE9B4A00B18DD1 /* Resources */ = {
			isa = PBXResourcesBuildPhase;
			buildActionMask = 2147483647;
			files = (
			);
			runOnlyForDeploymentPostprocessing = 0;
		};
/* End PBXResourcesBuildPhase section */

/* Begin PBXShellScriptBuildPhase section */
		0B6E2A39F63FA36919D220D4 /* [CP] Check Pods Manifest.lock */ = {
			isa = PBXShellScriptBuildPhase;
			buildActionMask = 2147483647;
			files = (
			);
			inputFileListPaths = (
			);
			inputPaths = (
				"${PODS_PODFILE_DIR_PATH}/Podfile.lock",
				"${PODS_ROOT}/Manifest.lock",
			);
			name = "[CP] Check Pods Manifest.lock";
			outputFileListPaths = (
			);
			outputPaths = (
				"$(DERIVED_FILE_DIR)/Pods-BLTTests-checkManifestLockResult.txt",
			);
			runOnlyForDeploymentPostprocessing = 0;
			shellPath = /bin/sh;
			shellScript = "diff \"${PODS_PODFILE_DIR_PATH}/Podfile.lock\" \"${PODS_ROOT}/Manifest.lock\" > /dev/null\nif [ $? != 0 ] ; then\n    # print error to STDERR\n    echo \"error: The sandbox is not in sync with the Podfile.lock. Run 'pod install' or update your CocoaPods installation.\" >&2\n    exit 1\nfi\n# This output is used by Xcode 'outputs' to avoid re-running this script phase.\necho \"SUCCESS\" > \"${SCRIPT_OUTPUT_FILE_0}\"\n";
			showEnvVarsInLog = 0;
		};
		25B2E2EE5939D9933E5915CA /* [CP] Check Pods Manifest.lock */ = {
			isa = PBXShellScriptBuildPhase;
			buildActionMask = 2147483647;
			files = (
			);
			inputFileListPaths = (
			);
			inputPaths = (
				"${PODS_PODFILE_DIR_PATH}/Podfile.lock",
				"${PODS_ROOT}/Manifest.lock",
			);
			name = "[CP] Check Pods Manifest.lock";
			outputFileListPaths = (
			);
			outputPaths = (
				"$(DERIVED_FILE_DIR)/Pods-BLT-checkManifestLockResult.txt",
			);
			runOnlyForDeploymentPostprocessing = 0;
			shellPath = /bin/sh;
			shellScript = "diff \"${PODS_PODFILE_DIR_PATH}/Podfile.lock\" \"${PODS_ROOT}/Manifest.lock\" > /dev/null\nif [ $? != 0 ] ; then\n    # print error to STDERR\n    echo \"error: The sandbox is not in sync with the Podfile.lock. Run 'pod install' or update your CocoaPods installation.\" >&2\n    exit 1\nfi\n# This output is used by Xcode 'outputs' to avoid re-running this script phase.\necho \"SUCCESS\" > \"${SCRIPT_OUTPUT_FILE_0}\"\n";
			showEnvVarsInLog = 0;
		};
		3F3E3ED623D0A5E900B18DD1 /* ShellScript */ = {
			isa = PBXShellScriptBuildPhase;
			buildActionMask = 2147483647;
			files = (
			);
			inputFileListPaths = (
			);
			inputPaths = (
			);
			outputFileListPaths = (
			);
			outputPaths = (
			);
			runOnlyForDeploymentPostprocessing = 0;
			shellPath = /bin/sh;
			shellScript = "# Type a script or drag a script file from your workspace to insert its path.\n\n";
		};
		D72FF61F1B072BCB34BB4420 /* [CP] Check Pods Manifest.lock */ = {
			isa = PBXShellScriptBuildPhase;
			buildActionMask = 2147483647;
			files = (
			);
			inputFileListPaths = (
			);
			inputPaths = (
				"${PODS_PODFILE_DIR_PATH}/Podfile.lock",
				"${PODS_ROOT}/Manifest.lock",
			);
			name = "[CP] Check Pods Manifest.lock";
			outputFileListPaths = (
			);
			outputPaths = (
				"$(DERIVED_FILE_DIR)/Pods-BLT-BLTUITests-checkManifestLockResult.txt",
			);
			runOnlyForDeploymentPostprocessing = 0;
			shellPath = /bin/sh;
			shellScript = "diff \"${PODS_PODFILE_DIR_PATH}/Podfile.lock\" \"${PODS_ROOT}/Manifest.lock\" > /dev/null\nif [ $? != 0 ] ; then\n    # print error to STDERR\n    echo \"error: The sandbox is not in sync with the Podfile.lock. Run 'pod install' or update your CocoaPods installation.\" >&2\n    exit 1\nfi\n# This output is used by Xcode 'outputs' to avoid re-running this script phase.\necho \"SUCCESS\" > \"${SCRIPT_OUTPUT_FILE_0}\"\n";
			showEnvVarsInLog = 0;
		};
/* End PBXShellScriptBuildPhase section */

/* Begin PBXSourcesBuildPhase section */
		3F3E3E9E23CE9B4400B18DD1 /* Sources */ = {
			isa = PBXSourcesBuildPhase;
			buildActionMask = 2147483647;
			files = (
				3F3E3EAE23CE9B4400B18DD1 /* BLT.xcdatamodeld in Sources */,
				3F3E3EA823CE9B4400B18DD1 /* ViewController.swift in Sources */,
				3F3E3EA623CE9B4400B18DD1 /* AppDelegate.swift in Sources */,
			);
			runOnlyForDeploymentPostprocessing = 0;
		};
		3F3E3EB523CE9B4A00B18DD1 /* Sources */ = {
			isa = PBXSourcesBuildPhase;
			buildActionMask = 2147483647;
			files = (
				3F3E3EBE23CE9B4A00B18DD1 /* BLTTests.swift in Sources */,
			);
			runOnlyForDeploymentPostprocessing = 0;
		};
		3F3E3EC023CE9B4A00B18DD1 /* Sources */ = {
			isa = PBXSourcesBuildPhase;
			buildActionMask = 2147483647;
			files = (
				3F3E3EC923CE9B4A00B18DD1 /* BLTUITests.swift in Sources */,
			);
			runOnlyForDeploymentPostprocessing = 0;
		};
/* End PBXSourcesBuildPhase section */

/* Begin PBXTargetDependency section */
		3F3E3EBB23CE9B4A00B18DD1 /* PBXTargetDependency */ = {
			isa = PBXTargetDependency;
			target = 3F3E3EA123CE9B4400B18DD1 /* BLT */;
			targetProxy = 3F3E3EBA23CE9B4A00B18DD1 /* PBXContainerItemProxy */;
		};
		3F3E3EC623CE9B4A00B18DD1 /* PBXTargetDependency */ = {
			isa = PBXTargetDependency;
			target = 3F3E3EA123CE9B4400B18DD1 /* BLT */;
			targetProxy = 3F3E3EC523CE9B4A00B18DD1 /* PBXContainerItemProxy */;
		};
/* End PBXTargetDependency section */

/* Begin PBXVariantGroup section */
		3F3E3EA923CE9B4400B18DD1 /* Main.storyboard */ = {
			isa = PBXVariantGroup;
			children = (
				3F3E3EAA23CE9B4400B18DD1 /* Base */,
			);
			name = Main.storyboard;
			sourceTree = "<group>";
		};
		3F3E3EB123CE9B4A00B18DD1 /* LaunchScreen.storyboard */ = {
			isa = PBXVariantGroup;
			children = (
				3F3E3EB223CE9B4A00B18DD1 /* Base */,
			);
			name = LaunchScreen.storyboard;
			sourceTree = "<group>";
		};
/* End PBXVariantGroup section */

/* Begin XCBuildConfiguration section */
		3F3E3ECB23CE9B4A00B18DD1 /* Debug */ = {
			isa = XCBuildConfiguration;
			buildSettings = {
				ALWAYS_SEARCH_USER_PATHS = NO;
				CLANG_ANALYZER_NONNULL = YES;
				CLANG_ANALYZER_NUMBER_OBJECT_CONVERSION = YES_AGGRESSIVE;
				CLANG_CXX_LANGUAGE_STANDARD = "gnu++14";
				CLANG_CXX_LIBRARY = "libc++";
				CLANG_ENABLE_MODULES = YES;
				CLANG_ENABLE_OBJC_ARC = YES;
				CLANG_ENABLE_OBJC_WEAK = YES;
				CLANG_WARN_BLOCK_CAPTURE_AUTORELEASING = YES;
				CLANG_WARN_BOOL_CONVERSION = YES;
				CLANG_WARN_COMMA = YES;
				CLANG_WARN_CONSTANT_CONVERSION = YES;
				CLANG_WARN_DEPRECATED_OBJC_IMPLEMENTATIONS = YES;
				CLANG_WARN_DIRECT_OBJC_ISA_USAGE = YES_ERROR;
				CLANG_WARN_DOCUMENTATION_COMMENTS = YES;
				CLANG_WARN_EMPTY_BODY = YES;
				CLANG_WARN_ENUM_CONVERSION = YES;
				CLANG_WARN_INFINITE_RECURSION = YES;
				CLANG_WARN_INT_CONVERSION = YES;
				CLANG_WARN_NON_LITERAL_NULL_CONVERSION = YES;
				CLANG_WARN_OBJC_IMPLICIT_RETAIN_SELF = YES;
				CLANG_WARN_OBJC_LITERAL_CONVERSION = YES;
				CLANG_WARN_OBJC_ROOT_CLASS = YES_ERROR;
				CLANG_WARN_RANGE_LOOP_ANALYSIS = YES;
				CLANG_WARN_STRICT_PROTOTYPES = YES;
				CLANG_WARN_SUSPICIOUS_MOVE = YES;
				CLANG_WARN_UNGUARDED_AVAILABILITY = YES_AGGRESSIVE;
				CLANG_WARN_UNREACHABLE_CODE = YES;
				CLANG_WARN__DUPLICATE_METHOD_MATCH = YES;
				CODE_SIGN_IDENTITY = "iPhone Developer";
				COPY_PHASE_STRIP = NO;
				DEBUG_INFORMATION_FORMAT = dwarf;
				ENABLE_STRICT_OBJC_MSGSEND = YES;
				ENABLE_TESTABILITY = YES;
				GCC_C_LANGUAGE_STANDARD = gnu11;
				GCC_DYNAMIC_NO_PIC = NO;
				GCC_NO_COMMON_BLOCKS = YES;
				GCC_OPTIMIZATION_LEVEL = 0;
				GCC_PREPROCESSOR_DEFINITIONS = (
					"DEBUG=1",
					"$(inherited)",
				);
				GCC_WARN_64_TO_32_BIT_CONVERSION = YES;
				GCC_WARN_ABOUT_RETURN_TYPE = YES_ERROR;
				GCC_WARN_UNDECLARED_SELECTOR = YES;
				GCC_WARN_UNINITIALIZED_AUTOS = YES_AGGRESSIVE;
				GCC_WARN_UNUSED_FUNCTION = YES;
				GCC_WARN_UNUSED_VARIABLE = YES;
				IPHONEOS_DEPLOYMENT_TARGET = 12.1;
				MTL_ENABLE_DEBUG_INFO = INCLUDE_SOURCE;
				MTL_FAST_MATH = YES;
				ONLY_ACTIVE_ARCH = YES;
				SDKROOT = iphoneos;
				SWIFT_ACTIVE_COMPILATION_CONDITIONS = DEBUG;
				SWIFT_OPTIMIZATION_LEVEL = "-Onone";
			};
			name = Debug;
		};
		3F3E3ECC23CE9B4A00B18DD1 /* Release */ = {
			isa = XCBuildConfiguration;
			buildSettings = {
				ALWAYS_SEARCH_USER_PATHS = NO;
				CLANG_ANALYZER_NONNULL = YES;
				CLANG_ANALYZER_NUMBER_OBJECT_CONVERSION = YES_AGGRESSIVE;
				CLANG_CXX_LANGUAGE_STANDARD = "gnu++14";
				CLANG_CXX_LIBRARY = "libc++";
				CLANG_ENABLE_MODULES = YES;
				CLANG_ENABLE_OBJC_ARC = YES;
				CLANG_ENABLE_OBJC_WEAK = YES;
				CLANG_WARN_BLOCK_CAPTURE_AUTORELEASING = YES;
				CLANG_WARN_BOOL_CONVERSION = YES;
				CLANG_WARN_COMMA = YES;
				CLANG_WARN_CONSTANT_CONVERSION = YES;
				CLANG_WARN_DEPRECATED_OBJC_IMPLEMENTATIONS = YES;
				CLANG_WARN_DIRECT_OBJC_ISA_USAGE = YES_ERROR;
				CLANG_WARN_DOCUMENTATION_COMMENTS = YES;
				CLANG_WARN_EMPTY_BODY = YES;
				CLANG_WARN_ENUM_CONVERSION = YES;
				CLANG_WARN_INFINITE_RECURSION = YES;
				CLANG_WARN_INT_CONVERSION = YES;
				CLANG_WARN_NON_LITERAL_NULL_CONVERSION = YES;
				CLANG_WARN_OBJC_IMPLICIT_RETAIN_SELF = YES;
				CLANG_WARN_OBJC_LITERAL_CONVERSION = YES;
				CLANG_WARN_OBJC_ROOT_CLASS = YES_ERROR;
				CLANG_WARN_RANGE_LOOP_ANALYSIS = YES;
				CLANG_WARN_STRICT_PROTOTYPES = YES;
				CLANG_WARN_SUSPICIOUS_MOVE = YES;
				CLANG_WARN_UNGUARDED_AVAILABILITY = YES_AGGRESSIVE;
				CLANG_WARN_UNREACHABLE_CODE = YES;
				CLANG_WARN__DUPLICATE_METHOD_MATCH = YES;
				CODE_SIGN_IDENTITY = "iPhone Developer";
				COPY_PHASE_STRIP = NO;
				DEBUG_INFORMATION_FORMAT = "dwarf-with-dsym";
				ENABLE_NS_ASSERTIONS = NO;
				ENABLE_STRICT_OBJC_MSGSEND = YES;
				GCC_C_LANGUAGE_STANDARD = gnu11;
				GCC_NO_COMMON_BLOCKS = YES;
				GCC_WARN_64_TO_32_BIT_CONVERSION = YES;
				GCC_WARN_ABOUT_RETURN_TYPE = YES_ERROR;
				GCC_WARN_UNDECLARED_SELECTOR = YES;
				GCC_WARN_UNINITIALIZED_AUTOS = YES_AGGRESSIVE;
				GCC_WARN_UNUSED_FUNCTION = YES;
				GCC_WARN_UNUSED_VARIABLE = YES;
				IPHONEOS_DEPLOYMENT_TARGET = 12.1;
				MTL_ENABLE_DEBUG_INFO = NO;
				MTL_FAST_MATH = YES;
				SDKROOT = iphoneos;
				SWIFT_COMPILATION_MODE = wholemodule;
				SWIFT_OPTIMIZATION_LEVEL = "-O";
				VALIDATE_PRODUCT = YES;
			};
			name = Release;
		};
		3F3E3ECE23CE9B4A00B18DD1 /* Debug */ = {
			isa = XCBuildConfiguration;
			buildSettings = {
				ASSETCATALOG_COMPILER_APPICON_NAME = AppIcon;
				CODE_SIGN_STYLE = Automatic;
				INFOPLIST_FILE = BLT/Info.plist;
				LD_RUNPATH_SEARCH_PATHS = (
					"$(inherited)",
					"@executable_path/Frameworks",
				);
				PRODUCT_BUNDLE_IDENTIFIER = org.hotchkiss.BLT;
				PRODUCT_NAME = "$(TARGET_NAME)";
				SWIFT_VERSION = 4.2;
				TARGETED_DEVICE_FAMILY = "1,2";
			};
			name = Debug;
		};
		3F3E3ECF23CE9B4A00B18DD1 /* Release */ = {
			isa = XCBuildConfiguration;
			buildSettings = {
				ASSETCATALOG_COMPILER_APPICON_NAME = AppIcon;
				CODE_SIGN_STYLE = Automatic;
				INFOPLIST_FILE = BLT/Info.plist;
				LD_RUNPATH_SEARCH_PATHS = (
					"$(inherited)",
					"@executable_path/Frameworks",
				);
				PRODUCT_BUNDLE_IDENTIFIER = org.hotchkiss.BLT;
				PRODUCT_NAME = "$(TARGET_NAME)";
				SWIFT_VERSION = 4.2;
				TARGETED_DEVICE_FAMILY = "1,2";
			};
			name = Release;
		};
		3F3E3ED123CE9B4A00B18DD1 /* Debug */ = {
			isa = XCBuildConfiguration;
			buildSettings = {
				ALWAYS_EMBED_SWIFT_STANDARD_LIBRARIES = YES;
				BUNDLE_LOADER = "$(TEST_HOST)";
				CODE_SIGN_STYLE = Automatic;
				INFOPLIST_FILE = BLTTests/Info.plist;
				LD_RUNPATH_SEARCH_PATHS = (
					"$(inherited)",
					"@executable_path/Frameworks",
					"@loader_path/Frameworks",
				);
				PRODUCT_BUNDLE_IDENTIFIER = org.hotchkiss.BLTTests;
				PRODUCT_NAME = "$(TARGET_NAME)";
				SWIFT_VERSION = 4.2;
				TARGETED_DEVICE_FAMILY = "1,2";
				TEST_HOST = "$(BUILT_PRODUCTS_DIR)/BLT.app/BLT";
			};
			name = Debug;
		};
		3F3E3ED223CE9B4A00B18DD1 /* Release */ = {
			isa = XCBuildConfiguration;
			buildSettings = {
				ALWAYS_EMBED_SWIFT_STANDARD_LIBRARIES = YES;
				BUNDLE_LOADER = "$(TEST_HOST)";
				CODE_SIGN_STYLE = Automatic;
				INFOPLIST_FILE = BLTTests/Info.plist;
				LD_RUNPATH_SEARCH_PATHS = (
					"$(inherited)",
					"@executable_path/Frameworks",
					"@loader_path/Frameworks",
				);
				PRODUCT_BUNDLE_IDENTIFIER = org.hotchkiss.BLTTests;
				PRODUCT_NAME = "$(TARGET_NAME)";
				SWIFT_VERSION = 4.2;
				TARGETED_DEVICE_FAMILY = "1,2";
				TEST_HOST = "$(BUILT_PRODUCTS_DIR)/BLT.app/BLT";
			};
			name = Release;
		};
		3F3E3ED423CE9B4A00B18DD1 /* Debug */ = {
			isa = XCBuildConfiguration;
			buildSettings = {
				ALWAYS_EMBED_SWIFT_STANDARD_LIBRARIES = YES;
				CODE_SIGN_STYLE = Automatic;
				INFOPLIST_FILE = BLTUITests/Info.plist;
				LD_RUNPATH_SEARCH_PATHS = (
					"$(inherited)",
					"@executable_path/Frameworks",
					"@loader_path/Frameworks",
				);
				PRODUCT_BUNDLE_IDENTIFIER = org.hotchkiss.BLTUITests;
				PRODUCT_NAME = "$(TARGET_NAME)";
				SWIFT_VERSION = 4.2;
				TARGETED_DEVICE_FAMILY = "1,2";
				TEST_TARGET_NAME = BLT;
			};
			name = Debug;
		};
		3F3E3ED523CE9B4A00B18DD1 /* Release */ = {
			isa = XCBuildConfiguration;
			buildSettings = {
				ALWAYS_EMBED_SWIFT_STANDARD_LIBRARIES = YES;
				CODE_SIGN_STYLE = Automatic;
				INFOPLIST_FILE = BLTUITests/Info.plist;
				LD_RUNPATH_SEARCH_PATHS = (
					"$(inherited)",
					"@executable_path/Frameworks",
					"@loader_path/Frameworks",
				);
				PRODUCT_BUNDLE_IDENTIFIER = org.hotchkiss.BLTUITests;
				PRODUCT_NAME = "$(TARGET_NAME)";
				SWIFT_VERSION = 4.2;
				TARGETED_DEVICE_FAMILY = "1,2";
				TEST_TARGET_NAME = BLT;
			};
			name = Release;
		};
/* End XCBuildConfiguration section */

/* Begin XCConfigurationList section */
		3F3E3E9D23CE9B4400B18DD1 /* Build configuration list for PBXProject "BLT" */ = {
			isa = XCConfigurationList;
			buildConfigurations = (
				3F3E3ECB23CE9B4A00B18DD1 /* Debug */,
				3F3E3ECC23CE9B4A00B18DD1 /* Release */,
			);
			defaultConfigurationIsVisible = 0;
			defaultConfigurationName = Release;
		};
		3F3E3ECD23CE9B4A00B18DD1 /* Build configuration list for PBXNativeTarget "BLT" */ = {
			isa = XCConfigurationList;
			buildConfigurations = (
				3F3E3ECE23CE9B4A00B18DD1 /* Debug */,
				3F3E3ECF23CE9B4A00B18DD1 /* Release */,
			);
			defaultConfigurationIsVisible = 0;
			defaultConfigurationName = Release;
		};
		3F3E3ED023CE9B4A00B18DD1 /* Build configuration list for PBXNativeTarget "BLTTests" */ = {
			isa = XCConfigurationList;
			buildConfigurations = (
				3F3E3ED123CE9B4A00B18DD1 /* Debug */,
				3F3E3ED223CE9B4A00B18DD1 /* Release */,
			);
			defaultConfigurationIsVisible = 0;
			defaultConfigurationName = Release;
		};
		3F3E3ED323CE9B4A00B18DD1 /* Build configuration list for PBXNativeTarget "BLTUITests" */ = {
			isa = XCConfigurationList;
			buildConfigurations = (
				3F3E3ED423CE9B4A00B18DD1 /* Debug */,
				3F3E3ED523CE9B4A00B18DD1 /* Release */,
			);
			defaultConfigurationIsVisible = 0;
			defaultConfigurationName = Release;
		};
/* End XCConfigurationList section */

/* Begin XCVersionGroup section */
		3F3E3EAC23CE9B4400B18DD1 /* BLT.xcdatamodeld */ = {
			isa = XCVersionGroup;
			children = (
				3F3E3EAD23CE9B4400B18DD1 /* BLT.xcdatamodel */,
			);
			currentVersion = 3F3E3EAD23CE9B4400B18DD1 /* BLT.xcdatamodel */;
			path = BLT.xcdatamodeld;
			sourceTree = "<group>";
			versionGroupType = wrapper.xcdatamodel;
		};
/* End XCVersionGroup section */
	};
	rootObject = 3F3E3E9A23CE9B4400B18DD1 /* Project object */;
}
