// !$*UTF8*$!
{
	archiveVersion = 1;
	classes = {
	};
	objectVersion = 51;
	objects = {

/* Begin PBXBuildFile section */
		3F19AE4023EC620100DECA17 /* FMPopUpViewController.swift in Sources */ = {isa = PBXBuildFile; fileRef = 3F19AE3F23EC620100DECA17 /* FMPopUpViewController.swift */; };
		3F2D6FF32399FE6100B8A989 /* WaterView.swift in Sources */ = {isa = PBXBuildFile; fileRef = 3F2D6FF22399FE6100B8A989 /* WaterView.swift */; };
		3F2D6FF5239A004900B8A989 /* RenderTimer.swift in Sources */ = {isa = PBXBuildFile; fileRef = 3F2D6FF4239A004900B8A989 /* RenderTimer.swift */; };
		3F73230823860D9300155B70 /* FocusTimer.swift in Sources */ = {isa = PBXBuildFile; fileRef = 3F73230723860D9300155B70 /* FocusTimer.swift */; };
		3FA808C223DE83C400CB4127 /* SettingsListPrefSubmenuTableViewController.swift in Sources */ = {isa = PBXBuildFile; fileRef = 3FA808C123DE83C400CB4127 /* SettingsListPrefSubmenuTableViewController.swift */; };
		3FA808C423DE843300CB4127 /* SettingsNotifPrefSubmenuTableViewController.swift in Sources */ = {isa = PBXBuildFile; fileRef = 3FA808C323DE843300CB4127 /* SettingsNotifPrefSubmenuTableViewController.swift */; };
		3FA808C623DE967800CB4127 /* SettingsFocusPrefSubmenuTableViewController.swift in Sources */ = {isa = PBXBuildFile; fileRef = 3FA808C523DE967800CB4127 /* SettingsFocusPrefSubmenuTableViewController.swift */; };
		3FBFEE5423E26CD20003394F /* TaskDatabase.swift in Sources */ = {isa = PBXBuildFile; fileRef = 3FBFEE5323E26CD20003394F /* TaskDatabase.swift */; };
		3FBFEE5623E3112F0003394F /* DatabaseEvent.swift in Sources */ = {isa = PBXBuildFile; fileRef = 3FBFEE5523E3112F0003394F /* DatabaseEvent.swift */; };
		3FCE102E23E29D9A003F0D7D /* Notifications.swift in Sources */ = {isa = PBXBuildFile; fileRef = 3FCE102D23E29D9A003F0D7D /* Notifications.swift */; };
		3FE3EA63237718D3002B5303 /* AppDelegate.swift in Sources */ = {isa = PBXBuildFile; fileRef = 3FE3EA62237718D3002B5303 /* AppDelegate.swift */; };
		3FE3EA68237718D3002B5303 /* Main.storyboard in Resources */ = {isa = PBXBuildFile; fileRef = 3FE3EA66237718D3002B5303 /* Main.storyboard */; };
		3FE3EA6A237718DB002B5303 /* Assets.xcassets in Resources */ = {isa = PBXBuildFile; fileRef = 3FE3EA69237718DB002B5303 /* Assets.xcassets */; };
		3FE3EA6D237718DB002B5303 /* LaunchScreen.storyboard in Resources */ = {isa = PBXBuildFile; fileRef = 3FE3EA6B237718DB002B5303 /* LaunchScreen.storyboard */; };
		3FE3EA78237718DB002B5303 /* BLTTests.swift in Sources */ = {isa = PBXBuildFile; fileRef = 3FE3EA77237718DB002B5303 /* BLTTests.swift */; };
		3FE3EA83237718DB002B5303 /* BLTUITests.swift in Sources */ = {isa = PBXBuildFile; fileRef = 3FE3EA82237718DB002B5303 /* BLTUITests.swift */; };
		3FE3EA912378DA82002B5303 /* FocusViewController.swift in Sources */ = {isa = PBXBuildFile; fileRef = 3FE3EA902378DA82002B5303 /* FocusViewController.swift */; };
		3FE61D7023D9DE36002C6A0C /* UserProfileViewController.swift in Sources */ = {isa = PBXBuildFile; fileRef = 3FE61D6F23D9DE36002C6A0C /* UserProfileViewController.swift */; };
		5B9BD3F098672BD6D3138E98 /* Pods_BLT.framework in Frameworks */ = {isa = PBXBuildFile; fileRef = 8D065498DEADDF6AC49FFAD5 /* Pods_BLT.framework */; };
		D7056147238CFB700030B257 /* Additional Classes.swift in Sources */ = {isa = PBXBuildFile; fileRef = D7056146238CFB700030B257 /* Additional Classes.swift */; };
		D7093E9023EC661200513448 /* LineChart.swift in Sources */ = {isa = PBXBuildFile; fileRef = D7093E8F23EC661200513448 /* LineChart.swift */; };
		D721BD5C23830540008E934F /* ItemViewController.swift in Sources */ = {isa = PBXBuildFile; fileRef = D721BD5B23830540008E934F /* ItemViewController.swift */; };
		D721FD562378AA0300ABD1EF /* ToDoTableViewCell.swift in Sources */ = {isa = PBXBuildFile; fileRef = D721FD552378AA0300ABD1EF /* ToDoTableViewCell.swift */; };
		D721FD5C2378ACA300ABD1EF /* MilestoneItem.swift in Sources */ = {isa = PBXBuildFile; fileRef = D721FD572378ACA300ABD1EF /* MilestoneItem.swift */; };
		D721FD5D2378ACA300ABD1EF /* Milestone.swift in Sources */ = {isa = PBXBuildFile; fileRef = D721FD582378ACA300ABD1EF /* Milestone.swift */; };
		D721FD5E2378ACA300ABD1EF /* ToDoItem.swift in Sources */ = {isa = PBXBuildFile; fileRef = D721FD592378ACA300ABD1EF /* ToDoItem.swift */; };
		D721FD5F2378ACA300ABD1EF /* UserData.swift in Sources */ = {isa = PBXBuildFile; fileRef = D721FD5A2378ACA300ABD1EF /* UserData.swift */; };
		D721FD602378ACA300ABD1EF /* ToDoList.swift in Sources */ = {isa = PBXBuildFile; fileRef = D721FD5B2378ACA300ABD1EF /* ToDoList.swift */; };
		D721FD632378ACA600ABD1EF /* NewItemViewController.swift in Sources */ = {isa = PBXBuildFile; fileRef = D721FD612378ACA600ABD1EF /* NewItemViewController.swift */; };
		D721FD642378ACA600ABD1EF /* ListViewController.swift in Sources */ = {isa = PBXBuildFile; fileRef = D721FD622378ACA600ABD1EF /* ListViewController.swift */; };
		D745011E23DEB1DA00508639 /* SettingsTableViewController.swift in Sources */ = {isa = PBXBuildFile; fileRef = D745011C23DEB1DA00508639 /* SettingsTableViewController.swift */; };
		D745011F23DEB1DA00508639 /* SettingsUserProfileSubmenuTableViewController.swift in Sources */ = {isa = PBXBuildFile; fileRef = D745011D23DEB1DA00508639 /* SettingsUserProfileSubmenuTableViewController.swift */; };
		D75B7472238E551000FBE468 /* SubjectCell.xib in Resources */ = {isa = PBXBuildFile; fileRef = D75B7471238E551000FBE468 /* SubjectCell.xib */; };
		D75B7474238E554A00FBE468 /* SubjectCell.swift in Sources */ = {isa = PBXBuildFile; fileRef = D75B7473238E554A00FBE468 /* SubjectCell.swift */; };
		D7F0D7302378A06E0044E694 /* Podfile in Resources */ = {isa = PBXBuildFile; fileRef = D7F0D72F2378A06E0044E694 /* Podfile */; };
/* End PBXBuildFile section */

/* Begin PBXContainerItemProxy section */
		3FE3EA74237718DB002B5303 /* PBXContainerItemProxy */ = {
			isa = PBXContainerItemProxy;
			containerPortal = 3FE3EA57237718D3002B5303 /* Project object */;
			proxyType = 1;
			remoteGlobalIDString = 3FE3EA5E237718D3002B5303;
			remoteInfo = BLT;
		};
		3FE3EA7F237718DB002B5303 /* PBXContainerItemProxy */ = {
			isa = PBXContainerItemProxy;
			containerPortal = 3FE3EA57237718D3002B5303 /* Project object */;
			proxyType = 1;
			remoteGlobalIDString = 3FE3EA5E237718D3002B5303;
			remoteInfo = BLT;
		};
/* End PBXContainerItemProxy section */

/* Begin PBXFileReference section */
		3F19AE3F23EC620100DECA17 /* FMPopUpViewController.swift */ = {isa = PBXFileReference; lastKnownFileType = sourcecode.swift; path = FMPopUpViewController.swift; sourceTree = "<group>"; };
		3F2D6FF22399FE6100B8A989 /* WaterView.swift */ = {isa = PBXFileReference; fileEncoding = 4; lastKnownFileType = sourcecode.swift; path = WaterView.swift; sourceTree = "<group>"; };
		3F2D6FF4239A004900B8A989 /* RenderTimer.swift */ = {isa = PBXFileReference; fileEncoding = 4; lastKnownFileType = sourcecode.swift; path = RenderTimer.swift; sourceTree = "<group>"; };
		3F73230723860D9300155B70 /* FocusTimer.swift */ = {isa = PBXFileReference; lastKnownFileType = sourcecode.swift; path = FocusTimer.swift; sourceTree = "<group>"; };
		3FA808C123DE83C400CB4127 /* SettingsListPrefSubmenuTableViewController.swift */ = {isa = PBXFileReference; lastKnownFileType = sourcecode.swift; path = SettingsListPrefSubmenuTableViewController.swift; sourceTree = "<group>"; };
		3FA808C323DE843300CB4127 /* SettingsNotifPrefSubmenuTableViewController.swift */ = {isa = PBXFileReference; lastKnownFileType = sourcecode.swift; path = SettingsNotifPrefSubmenuTableViewController.swift; sourceTree = "<group>"; };
		3FA808C523DE967800CB4127 /* SettingsFocusPrefSubmenuTableViewController.swift */ = {isa = PBXFileReference; lastKnownFileType = sourcecode.swift; path = SettingsFocusPrefSubmenuTableViewController.swift; sourceTree = "<group>"; };
		3FBFEE5323E26CD20003394F /* TaskDatabase.swift */ = {isa = PBXFileReference; lastKnownFileType = sourcecode.swift; path = TaskDatabase.swift; sourceTree = "<group>"; };
		3FBFEE5523E3112F0003394F /* DatabaseEvent.swift */ = {isa = PBXFileReference; lastKnownFileType = sourcecode.swift; path = DatabaseEvent.swift; sourceTree = "<group>"; };
		3FCE102D23E29D9A003F0D7D /* Notifications.swift */ = {isa = PBXFileReference; lastKnownFileType = sourcecode.swift; path = Notifications.swift; sourceTree = "<group>"; };
		3FE3EA5F237718D3002B5303 /* BLT.app */ = {isa = PBXFileReference; explicitFileType = wrapper.application; includeInIndex = 0; path = BLT.app; sourceTree = BUILT_PRODUCTS_DIR; };
		3FE3EA62237718D3002B5303 /* AppDelegate.swift */ = {isa = PBXFileReference; lastKnownFileType = sourcecode.swift; path = AppDelegate.swift; sourceTree = "<group>"; };
		3FE3EA67237718D3002B5303 /* Base */ = {isa = PBXFileReference; lastKnownFileType = file.storyboard; name = Base; path = Base.lproj/Main.storyboard; sourceTree = "<group>"; };
		3FE3EA69237718DB002B5303 /* Assets.xcassets */ = {isa = PBXFileReference; lastKnownFileType = folder.assetcatalog; path = Assets.xcassets; sourceTree = "<group>"; };
		3FE3EA6C237718DB002B5303 /* Base */ = {isa = PBXFileReference; lastKnownFileType = file.storyboard; name = Base; path = Base.lproj/LaunchScreen.storyboard; sourceTree = "<group>"; };
		3FE3EA6E237718DB002B5303 /* Info.plist */ = {isa = PBXFileReference; lastKnownFileType = text.plist.xml; path = Info.plist; sourceTree = "<group>"; };
		3FE3EA73237718DB002B5303 /* BLTTests.xctest */ = {isa = PBXFileReference; explicitFileType = wrapper.cfbundle; includeInIndex = 0; path = BLTTests.xctest; sourceTree = BUILT_PRODUCTS_DIR; };
		3FE3EA77237718DB002B5303 /* BLTTests.swift */ = {isa = PBXFileReference; lastKnownFileType = sourcecode.swift; path = BLTTests.swift; sourceTree = "<group>"; };
		3FE3EA79237718DB002B5303 /* Info.plist */ = {isa = PBXFileReference; lastKnownFileType = text.plist.xml; path = Info.plist; sourceTree = "<group>"; };
		3FE3EA7E237718DB002B5303 /* BLTUITests.xctest */ = {isa = PBXFileReference; explicitFileType = wrapper.cfbundle; includeInIndex = 0; path = BLTUITests.xctest; sourceTree = BUILT_PRODUCTS_DIR; };
		3FE3EA82237718DB002B5303 /* BLTUITests.swift */ = {isa = PBXFileReference; lastKnownFileType = sourcecode.swift; path = BLTUITests.swift; sourceTree = "<group>"; };
		3FE3EA84237718DB002B5303 /* Info.plist */ = {isa = PBXFileReference; lastKnownFileType = text.plist.xml; path = Info.plist; sourceTree = "<group>"; };
		3FE3EA902378DA82002B5303 /* FocusViewController.swift */ = {isa = PBXFileReference; lastKnownFileType = sourcecode.swift; path = FocusViewController.swift; sourceTree = "<group>"; };
		3FE61D6F23D9DE36002C6A0C /* UserProfileViewController.swift */ = {isa = PBXFileReference; lastKnownFileType = sourcecode.swift; path = UserProfileViewController.swift; sourceTree = "<group>"; };
		5E2DF6A005C019748144EAA1 /* Pods-BLT.debug.xcconfig */ = {isa = PBXFileReference; includeInIndex = 1; lastKnownFileType = text.xcconfig; name = "Pods-BLT.debug.xcconfig"; path = "Target Support Files/Pods-BLT/Pods-BLT.debug.xcconfig"; sourceTree = "<group>"; };
		89676083EB92947F6E22808B /* Pods-BLT.release.xcconfig */ = {isa = PBXFileReference; includeInIndex = 1; lastKnownFileType = text.xcconfig; name = "Pods-BLT.release.xcconfig"; path = "Target Support Files/Pods-BLT/Pods-BLT.release.xcconfig"; sourceTree = "<group>"; };
		8D065498DEADDF6AC49FFAD5 /* Pods_BLT.framework */ = {isa = PBXFileReference; explicitFileType = wrapper.framework; includeInIndex = 0; path = Pods_BLT.framework; sourceTree = BUILT_PRODUCTS_DIR; };
		D7056146238CFB700030B257 /* Additional Classes.swift */ = {isa = PBXFileReference; lastKnownFileType = sourcecode.swift; path = "Additional Classes.swift"; sourceTree = "<group>"; };
		D7093E8F23EC661200513448 /* LineChart.swift */ = {isa = PBXFileReference; lastKnownFileType = sourcecode.swift; path = LineChart.swift; sourceTree = "<group>"; };
		D721BD5B23830540008E934F /* ItemViewController.swift */ = {isa = PBXFileReference; lastKnownFileType = sourcecode.swift; path = ItemViewController.swift; sourceTree = "<group>"; };
		D721FD552378AA0300ABD1EF /* ToDoTableViewCell.swift */ = {isa = PBXFileReference; lastKnownFileType = sourcecode.swift; path = ToDoTableViewCell.swift; sourceTree = "<group>"; };
		D721FD572378ACA300ABD1EF /* MilestoneItem.swift */ = {isa = PBXFileReference; lastKnownFileType = sourcecode.swift; path = MilestoneItem.swift; sourceTree = "<group>"; };
		D721FD582378ACA300ABD1EF /* Milestone.swift */ = {isa = PBXFileReference; lastKnownFileType = sourcecode.swift; path = Milestone.swift; sourceTree = "<group>"; };
		D721FD592378ACA300ABD1EF /* ToDoItem.swift */ = {isa = PBXFileReference; lastKnownFileType = sourcecode.swift; path = ToDoItem.swift; sourceTree = "<group>"; };
		D721FD5A2378ACA300ABD1EF /* UserData.swift */ = {isa = PBXFileReference; lastKnownFileType = sourcecode.swift; path = UserData.swift; sourceTree = "<group>"; };
		D721FD5B2378ACA300ABD1EF /* ToDoList.swift */ = {isa = PBXFileReference; lastKnownFileType = sourcecode.swift; path = ToDoList.swift; sourceTree = "<group>"; };
		D721FD612378ACA600ABD1EF /* NewItemViewController.swift */ = {isa = PBXFileReference; lastKnownFileType = sourcecode.swift; path = NewItemViewController.swift; sourceTree = "<group>"; };
		D721FD622378ACA600ABD1EF /* ListViewController.swift */ = {isa = PBXFileReference; lastKnownFileType = sourcecode.swift; path = ListViewController.swift; sourceTree = "<group>"; };
		D745011C23DEB1DA00508639 /* SettingsTableViewController.swift */ = {isa = PBXFileReference; fileEncoding = 4; lastKnownFileType = sourcecode.swift; path = SettingsTableViewController.swift; sourceTree = "<group>"; };
		D745011D23DEB1DA00508639 /* SettingsUserProfileSubmenuTableViewController.swift */ = {isa = PBXFileReference; fileEncoding = 4; lastKnownFileType = sourcecode.swift; path = SettingsUserProfileSubmenuTableViewController.swift; sourceTree = "<group>"; };
		D75B7471238E551000FBE468 /* SubjectCell.xib */ = {isa = PBXFileReference; lastKnownFileType = file.xib; path = SubjectCell.xib; sourceTree = "<group>"; };
		D75B7473238E554A00FBE468 /* SubjectCell.swift */ = {isa = PBXFileReference; lastKnownFileType = sourcecode.swift; path = SubjectCell.swift; sourceTree = "<group>"; };
		D7F0D72F2378A06E0044E694 /* Podfile */ = {isa = PBXFileReference; lastKnownFileType = text; path = Podfile; sourceTree = "<group>"; xcLanguageSpecificationIdentifier = xcode.lang.ruby; };
/* End PBXFileReference section */

/* Begin PBXFrameworksBuildPhase section */
		3FE3EA5C237718D3002B5303 /* Frameworks */ = {
			isa = PBXFrameworksBuildPhase;
			buildActionMask = 2147483647;
			files = (
				5B9BD3F098672BD6D3138E98 /* Pods_BLT.framework in Frameworks */,
			);
			runOnlyForDeploymentPostprocessing = 0;
		};
		3FE3EA70237718DB002B5303 /* Frameworks */ = {
			isa = PBXFrameworksBuildPhase;
			buildActionMask = 2147483647;
			files = (
			);
			runOnlyForDeploymentPostprocessing = 0;
		};
		3FE3EA7B237718DB002B5303 /* Frameworks */ = {
			isa = PBXFrameworksBuildPhase;
			buildActionMask = 2147483647;
			files = (
			);
			runOnlyForDeploymentPostprocessing = 0;
		};
/* End PBXFrameworksBuildPhase section */

/* Begin PBXGroup section */
		3FE3EA56237718D3002B5303 = {
			isa = PBXGroup;
			children = (
				D7F0D72F2378A06E0044E694 /* Podfile */,
				3FE3EA61237718D3002B5303 /* BLT */,
				3FE3EA76237718DB002B5303 /* BLTTests */,
				3FE3EA81237718DB002B5303 /* BLTUITests */,
				3FE3EA60237718D3002B5303 /* Products */,
				7BDA3DA5558ED013740D7293 /* Pods */,
				D3124F1297BF142C81F93D63 /* Frameworks */,
			);
			sourceTree = "<group>";
		};
		3FE3EA60237718D3002B5303 /* Products */ = {
			isa = PBXGroup;
			children = (
				3FE3EA5F237718D3002B5303 /* BLT.app */,
				3FE3EA73237718DB002B5303 /* BLTTests.xctest */,
				3FE3EA7E237718DB002B5303 /* BLTUITests.xctest */,
			);
			name = Products;
			sourceTree = "<group>";
		};
		3FE3EA61237718D3002B5303 /* BLT */ = {
			isa = PBXGroup;
			children = (
				3FE3EA66237718D3002B5303 /* Main.storyboard */,
				D7093E8F23EC661200513448 /* LineChart.swift */,
				3F19AE3F23EC620100DECA17 /* FMPopUpViewController.swift */,
				3F2D6FF22399FE6100B8A989 /* WaterView.swift */,
				3F2D6FF4239A004900B8A989 /* RenderTimer.swift */,
				3FE3EA62237718D3002B5303 /* AppDelegate.swift */,
				3FE61D6F23D9DE36002C6A0C /* UserProfileViewController.swift */,
				3FCE102D23E29D9A003F0D7D /* Notifications.swift */,
				D745012223DEB26A00508639 /* Focus Mode View */,
				D745012123DEB25400508639 /* Settings Views */,
				D745012323DEB28300508639 /* To Do View */,
				D721FD612378ACA600ABD1EF /* NewItemViewController.swift */,
				D721BD5B23830540008E934F /* ItemViewController.swift */,
				D75B7471238E551000FBE468 /* SubjectCell.xib */,
				D75B7473238E554A00FBE468 /* SubjectCell.swift */,
				3FE3EA69237718DB002B5303 /* Assets.xcassets */,
				3FE3EA6B237718DB002B5303 /* LaunchScreen.storyboard */,
				3FE3EA6E237718DB002B5303 /* Info.plist */,
				D721FD5A2378ACA300ABD1EF /* UserData.swift */,
				3FBFEE5323E26CD20003394F /* TaskDatabase.swift */,
				3FBFEE5523E3112F0003394F /* DatabaseEvent.swift */,
				D745012423DEB29C00508639 /* List Classes */,
				D7056146238CFB700030B257 /* Additional Classes.swift */,
			);
			path = BLT;
			sourceTree = "<group>";
		};
		3FE3EA76237718DB002B5303 /* BLTTests */ = {
			isa = PBXGroup;
			children = (
				3FE3EA77237718DB002B5303 /* BLTTests.swift */,
				3FE3EA79237718DB002B5303 /* Info.plist */,
			);
			path = BLTTests;
			sourceTree = "<group>";
		};
		3FE3EA81237718DB002B5303 /* BLTUITests */ = {
			isa = PBXGroup;
			children = (
				3FE3EA82237718DB002B5303 /* BLTUITests.swift */,
				3FE3EA84237718DB002B5303 /* Info.plist */,
			);
			path = BLTUITests;
			sourceTree = "<group>";
		};
		7BDA3DA5558ED013740D7293 /* Pods */ = {
			isa = PBXGroup;
			children = (
				5E2DF6A005C019748144EAA1 /* Pods-BLT.debug.xcconfig */,
				89676083EB92947F6E22808B /* Pods-BLT.release.xcconfig */,
			);
			path = Pods;
			sourceTree = "<group>";
		};
		D3124F1297BF142C81F93D63 /* Frameworks */ = {
			isa = PBXGroup;
			children = (
				8D065498DEADDF6AC49FFAD5 /* Pods_BLT.framework */,
			);
			name = Frameworks;
			sourceTree = "<group>";
		};
		D745012123DEB25400508639 /* Settings Views */ = {
			isa = PBXGroup;
			children = (
				3FA808C123DE83C400CB4127 /* SettingsListPrefSubmenuTableViewController.swift */,
				3FA808C323DE843300CB4127 /* SettingsNotifPrefSubmenuTableViewController.swift */,
				3FA808C523DE967800CB4127 /* SettingsFocusPrefSubmenuTableViewController.swift */,
				D745011C23DEB1DA00508639 /* SettingsTableViewController.swift */,
				D745011D23DEB1DA00508639 /* SettingsUserProfileSubmenuTableViewController.swift */,
			);
			path = "Settings Views";
			sourceTree = "<group>";
		};
		D745012223DEB26A00508639 /* Focus Mode View */ = {
			isa = PBXGroup;
			children = (
				3FE3EA902378DA82002B5303 /* FocusViewController.swift */,
				3F73230723860D9300155B70 /* FocusTimer.swift */,
			);
			path = "Focus Mode View";
			sourceTree = "<group>";
		};
		D745012323DEB28300508639 /* To Do View */ = {
			isa = PBXGroup;
			children = (
				D721FD622378ACA600ABD1EF /* ListViewController.swift */,
				D721FD552378AA0300ABD1EF /* ToDoTableViewCell.swift */,
			);
			path = "To Do View";
			sourceTree = "<group>";
		};
		D745012423DEB29C00508639 /* List Classes */ = {
			isa = PBXGroup;
			children = (
				D721FD5B2378ACA300ABD1EF /* ToDoList.swift */,
				D721FD582378ACA300ABD1EF /* Milestone.swift */,
				D721FD572378ACA300ABD1EF /* MilestoneItem.swift */,
				D721FD592378ACA300ABD1EF /* ToDoItem.swift */,
			);
			path = "List Classes";
			sourceTree = "<group>";
		};
/* End PBXGroup section */

/* Begin PBXNativeTarget section */
		3FE3EA5E237718D3002B5303 /* BLT */ = {
			isa = PBXNativeTarget;
			buildConfigurationList = 3FE3EA87237718DB002B5303 /* Build configuration list for PBXNativeTarget "BLT" */;
			buildPhases = (
				26002E2EB029289B084D1DCC /* [CP] Check Pods Manifest.lock */,
				3FE3EA5B237718D3002B5303 /* Sources */,
				3FE3EA5C237718D3002B5303 /* Frameworks */,
				3FE3EA5D237718D3002B5303 /* Resources */,
				3FE4948C23D92DDE0011C2ED /* ShellScript */,
				40DE08C8D33BCDE1E970AB49 /* [CP] Embed Pods Frameworks */,
			);
			buildRules = (
			);
			dependencies = (
			);
			name = BLT;
			productName = BLT;
			productReference = 3FE3EA5F237718D3002B5303 /* BLT.app */;
			productType = "com.apple.product-type.application";
		};
		3FE3EA72237718DB002B5303 /* BLTTests */ = {
			isa = PBXNativeTarget;
			buildConfigurationList = 3FE3EA8A237718DB002B5303 /* Build configuration list for PBXNativeTarget "BLTTests" */;
			buildPhases = (
				3FE3EA6F237718DB002B5303 /* Sources */,
				3FE3EA70237718DB002B5303 /* Frameworks */,
				3FE3EA71237718DB002B5303 /* Resources */,
			);
			buildRules = (
			);
			dependencies = (
				3FE3EA75237718DB002B5303 /* PBXTargetDependency */,
			);
			name = BLTTests;
			productName = BLTTests;
			productReference = 3FE3EA73237718DB002B5303 /* BLTTests.xctest */;
			productType = "com.apple.product-type.bundle.unit-test";
		};
		3FE3EA7D237718DB002B5303 /* BLTUITests */ = {
			isa = PBXNativeTarget;
			buildConfigurationList = 3FE3EA8D237718DB002B5303 /* Build configuration list for PBXNativeTarget "BLTUITests" */;
			buildPhases = (
				3FE3EA7A237718DB002B5303 /* Sources */,
				3FE3EA7B237718DB002B5303 /* Frameworks */,
				3FE3EA7C237718DB002B5303 /* Resources */,
			);
			buildRules = (
			);
			dependencies = (
				3FE3EA80237718DB002B5303 /* PBXTargetDependency */,
			);
			name = BLTUITests;
			productName = BLTUITests;
			productReference = 3FE3EA7E237718DB002B5303 /* BLTUITests.xctest */;
			productType = "com.apple.product-type.bundle.ui-testing";
		};
/* End PBXNativeTarget section */

/* Begin PBXProject section */
		3FE3EA57237718D3002B5303 /* Project object */ = {
			isa = PBXProject;
			attributes = {
				LastSwiftUpdateCheck = 1010;
				LastUpgradeCheck = 1010;
				ORGANIZATIONNAME = "BLT App";
				TargetAttributes = {
					3FE3EA5E237718D3002B5303 = {
						CreatedOnToolsVersion = 10.1;
					};
					3FE3EA72237718DB002B5303 = {
						CreatedOnToolsVersion = 10.1;
						TestTargetID = 3FE3EA5E237718D3002B5303;
					};
					3FE3EA7D237718DB002B5303 = {
						CreatedOnToolsVersion = 10.1;
						TestTargetID = 3FE3EA5E237718D3002B5303;
					};
				};
			};
			buildConfigurationList = 3FE3EA5A237718D3002B5303 /* Build configuration list for PBXProject "BLT" */;
			compatibilityVersion = "Xcode 9.3";
			developmentRegion = en;
			hasScannedForEncodings = 0;
			knownRegions = (
				en,
				Base,
			);
			mainGroup = 3FE3EA56237718D3002B5303;
			productRefGroup = 3FE3EA60237718D3002B5303 /* Products */;
			projectDirPath = "";
			projectRoot = "";
			targets = (
				3FE3EA5E237718D3002B5303 /* BLT */,
				3FE3EA72237718DB002B5303 /* BLTTests */,
				3FE3EA7D237718DB002B5303 /* BLTUITests */,
			);
		};
/* End PBXProject section */

/* Begin PBXResourcesBuildPhase section */
		3FE3EA5D237718D3002B5303 /* Resources */ = {
			isa = PBXResourcesBuildPhase;
			buildActionMask = 2147483647;
			files = (
				3FE3EA6D237718DB002B5303 /* LaunchScreen.storyboard in Resources */,
				3FE3EA6A237718DB002B5303 /* Assets.xcassets in Resources */,
				D7F0D7302378A06E0044E694 /* Podfile in Resources */,
				D75B7472238E551000FBE468 /* SubjectCell.xib in Resources */,
				3FE3EA68237718D3002B5303 /* Main.storyboard in Resources */,
			);
			runOnlyForDeploymentPostprocessing = 0;
		};
		3FE3EA71237718DB002B5303 /* Resources */ = {
			isa = PBXResourcesBuildPhase;
			buildActionMask = 2147483647;
			files = (
			);
			runOnlyForDeploymentPostprocessing = 0;
		};
		3FE3EA7C237718DB002B5303 /* Resources */ = {
			isa = PBXResourcesBuildPhase;
			buildActionMask = 2147483647;
			files = (
			);
			runOnlyForDeploymentPostprocessing = 0;
		};
/* End PBXResourcesBuildPhase section */

/* Begin PBXShellScriptBuildPhase section */
		26002E2EB029289B084D1DCC /* [CP] Check Pods Manifest.lock */ = {
			isa = PBXShellScriptBuildPhase;
			buildActionMask = 2147483647;
			files = (
			);
			inputFileListPaths = (
			);
			inputPaths = (
				"${PODS_PODFILE_DIR_PATH}/Podfile.lock",
				"${PODS_ROOT}/Manifest.lock",
			);
			name = "[CP] Check Pods Manifest.lock";
			outputFileListPaths = (
			);
			outputPaths = (
				"$(DERIVED_FILE_DIR)/Pods-BLT-checkManifestLockResult.txt",
			);
			runOnlyForDeploymentPostprocessing = 0;
			shellPath = /bin/sh;
			shellScript = "diff \"${PODS_PODFILE_DIR_PATH}/Podfile.lock\" \"${PODS_ROOT}/Manifest.lock\" > /dev/null\nif [ $? != 0 ] ; then\n    # print error to STDERR\n    echo \"error: The sandbox is not in sync with the Podfile.lock. Run 'pod install' or update your CocoaPods installation.\" >&2\n    exit 1\nfi\n# This output is used by Xcode 'outputs' to avoid re-running this script phase.\necho \"SUCCESS\" > \"${SCRIPT_OUTPUT_FILE_0}\"\n";
			showEnvVarsInLog = 0;
		};
		3FE4948C23D92DDE0011C2ED /* ShellScript */ = {
			isa = PBXShellScriptBuildPhase;
			buildActionMask = 2147483647;
			files = (
			);
			inputFileListPaths = (
			);
			inputPaths = (
			);
			outputFileListPaths = (
			);
			outputPaths = (
			);
			runOnlyForDeploymentPostprocessing = 0;
			shellPath = /bin/sh;
			shellScript = "# Comment Out Line Below For Swift Lint\n# ${PODS_ROOT}/SwiftLint/swiftlint\n";
		};
		40DE08C8D33BCDE1E970AB49 /* [CP] Embed Pods Frameworks */ = {
			isa = PBXShellScriptBuildPhase;
			buildActionMask = 2147483647;
			files = (
			);
			inputFileListPaths = (
				"${PODS_ROOT}/Target Support Files/Pods-BLT/Pods-BLT-frameworks-${CONFIGURATION}-input-files.xcfilelist",
			);
			name = "[CP] Embed Pods Frameworks";
			outputFileListPaths = (
				"${PODS_ROOT}/Target Support Files/Pods-BLT/Pods-BLT-frameworks-${CONFIGURATION}-output-files.xcfilelist",
			);
			runOnlyForDeploymentPostprocessing = 0;
			shellPath = /bin/sh;
			shellScript = "\"${PODS_ROOT}/Target Support Files/Pods-BLT/Pods-BLT-frameworks.sh\"\n";
			showEnvVarsInLog = 0;
		};
/* End PBXShellScriptBuildPhase section */

/* Begin PBXSourcesBuildPhase section */
		3FE3EA5B237718D3002B5303 /* Sources */ = {
			isa = PBXSourcesBuildPhase;
			buildActionMask = 2147483647;
			files = (
				3FA808C423DE843300CB4127 /* SettingsNotifPrefSubmenuTableViewController.swift in Sources */,
				3F2D6FF5239A004900B8A989 /* RenderTimer.swift in Sources */,
				3FE61D7023D9DE36002C6A0C /* UserProfileViewController.swift in Sources */,
				D7093E9023EC661200513448 /* LineChart.swift in Sources */,
				D7056147238CFB700030B257 /* Additional Classes.swift in Sources */,
				D721FD562378AA0300ABD1EF /* ToDoTableViewCell.swift in Sources */,
				3FBFEE5623E3112F0003394F /* DatabaseEvent.swift in Sources */,
				D721FD5C2378ACA300ABD1EF /* MilestoneItem.swift in Sources */,
				3F73230823860D9300155B70 /* FocusTimer.swift in Sources */,
				3FA808C623DE967800CB4127 /* SettingsFocusPrefSubmenuTableViewController.swift in Sources */,
				3F2D6FF32399FE6100B8A989 /* WaterView.swift in Sources */,
				D721BD5C23830540008E934F /* ItemViewController.swift in Sources */,
				D721FD632378ACA600ABD1EF /* NewItemViewController.swift in Sources */,
				D721FD5F2378ACA300ABD1EF /* UserData.swift in Sources */,
				D721FD602378ACA300ABD1EF /* ToDoList.swift in Sources */,
				3F19AE4023EC620100DECA17 /* FMPopUpViewController.swift in Sources */,
				D721FD5E2378ACA300ABD1EF /* ToDoItem.swift in Sources */,
				D721FD5D2378ACA300ABD1EF /* Milestone.swift in Sources */,
				D75B7474238E554A00FBE468 /* SubjectCell.swift in Sources */,
				3FBFEE5423E26CD20003394F /* TaskDatabase.swift in Sources */,
				D721FD642378ACA600ABD1EF /* ListViewController.swift in Sources */,
				3FE3EA912378DA82002B5303 /* FocusViewController.swift in Sources */,
				3FE3EA63237718D3002B5303 /* AppDelegate.swift in Sources */,
				3FCE102E23E29D9A003F0D7D /* Notifications.swift in Sources */,
				3FA808C223DE83C400CB4127 /* SettingsListPrefSubmenuTableViewController.swift in Sources */,
				D745011F23DEB1DA00508639 /* SettingsUserProfileSubmenuTableViewController.swift in Sources */,
				D745011E23DEB1DA00508639 /* SettingsTableViewController.swift in Sources */,
			);
			runOnlyForDeploymentPostprocessing = 0;
		};
		3FE3EA6F237718DB002B5303 /* Sources */ = {
			isa = PBXSourcesBuildPhase;
			buildActionMask = 2147483647;
			files = (
				3FE3EA78237718DB002B5303 /* BLTTests.swift in Sources */,
			);
			runOnlyForDeploymentPostprocessing = 0;
		};
		3FE3EA7A237718DB002B5303 /* Sources */ = {
			isa = PBXSourcesBuildPhase;
			buildActionMask = 2147483647;
			files = (
				3FE3EA83237718DB002B5303 /* BLTUITests.swift in Sources */,
			);
			runOnlyForDeploymentPostprocessing = 0;
		};
/* End PBXSourcesBuildPhase section */

/* Begin PBXTargetDependency section */
		3FE3EA75237718DB002B5303 /* PBXTargetDependency */ = {
			isa = PBXTargetDependency;
			target = 3FE3EA5E237718D3002B5303 /* BLT */;
			targetProxy = 3FE3EA74237718DB002B5303 /* PBXContainerItemProxy */;
		};
		3FE3EA80237718DB002B5303 /* PBXTargetDependency */ = {
			isa = PBXTargetDependency;
			target = 3FE3EA5E237718D3002B5303 /* BLT */;
			targetProxy = 3FE3EA7F237718DB002B5303 /* PBXContainerItemProxy */;
		};
/* End PBXTargetDependency section */

/* Begin PBXVariantGroup section */
		3FE3EA66237718D3002B5303 /* Main.storyboard */ = {
			isa = PBXVariantGroup;
			children = (
				3FE3EA67237718D3002B5303 /* Base */,
			);
			name = Main.storyboard;
			sourceTree = "<group>";
		};
		3FE3EA6B237718DB002B5303 /* LaunchScreen.storyboard */ = {
			isa = PBXVariantGroup;
			children = (
				3FE3EA6C237718DB002B5303 /* Base */,
			);
			name = LaunchScreen.storyboard;
			sourceTree = "<group>";
		};
/* End PBXVariantGroup section */

/* Begin XCBuildConfiguration section */
		3FE3EA85237718DB002B5303 /* Debug */ = {
			isa = XCBuildConfiguration;
			buildSettings = {
				ALWAYS_SEARCH_USER_PATHS = NO;
				CLANG_ANALYZER_NONNULL = YES;
				CLANG_ANALYZER_NUMBER_OBJECT_CONVERSION = YES_AGGRESSIVE;
				CLANG_CXX_LANGUAGE_STANDARD = "gnu++14";
				CLANG_CXX_LIBRARY = "libc++";
				CLANG_ENABLE_MODULES = YES;
				CLANG_ENABLE_OBJC_ARC = YES;
				CLANG_ENABLE_OBJC_WEAK = YES;
				CLANG_WARN_BLOCK_CAPTURE_AUTORELEASING = YES;
				CLANG_WARN_BOOL_CONVERSION = YES;
				CLANG_WARN_COMMA = YES;
				CLANG_WARN_CONSTANT_CONVERSION = YES;
				CLANG_WARN_DEPRECATED_OBJC_IMPLEMENTATIONS = YES;
				CLANG_WARN_DIRECT_OBJC_ISA_USAGE = YES_ERROR;
				CLANG_WARN_DOCUMENTATION_COMMENTS = YES;
				CLANG_WARN_EMPTY_BODY = YES;
				CLANG_WARN_ENUM_CONVERSION = YES;
				CLANG_WARN_INFINITE_RECURSION = YES;
				CLANG_WARN_INT_CONVERSION = YES;
				CLANG_WARN_NON_LITERAL_NULL_CONVERSION = YES;
				CLANG_WARN_OBJC_IMPLICIT_RETAIN_SELF = YES;
				CLANG_WARN_OBJC_LITERAL_CONVERSION = YES;
				CLANG_WARN_OBJC_ROOT_CLASS = YES_ERROR;
				CLANG_WARN_RANGE_LOOP_ANALYSIS = YES;
				CLANG_WARN_STRICT_PROTOTYPES = YES;
				CLANG_WARN_SUSPICIOUS_MOVE = YES;
				CLANG_WARN_UNGUARDED_AVAILABILITY = YES_AGGRESSIVE;
				CLANG_WARN_UNREACHABLE_CODE = YES;
				CLANG_WARN__DUPLICATE_METHOD_MATCH = YES;
				CODE_SIGN_IDENTITY = "iPhone Developer";
				COPY_PHASE_STRIP = NO;
				DEBUG_INFORMATION_FORMAT = dwarf;
				ENABLE_STRICT_OBJC_MSGSEND = YES;
				ENABLE_TESTABILITY = YES;
				GCC_C_LANGUAGE_STANDARD = gnu11;
				GCC_DYNAMIC_NO_PIC = NO;
				GCC_NO_COMMON_BLOCKS = YES;
				GCC_OPTIMIZATION_LEVEL = 0;
				GCC_PREPROCESSOR_DEFINITIONS = (
					"DEBUG=1",
					"$(inherited)",
				);
				GCC_WARN_64_TO_32_BIT_CONVERSION = YES;
				GCC_WARN_ABOUT_RETURN_TYPE = YES_ERROR;
				GCC_WARN_UNDECLARED_SELECTOR = YES;
				GCC_WARN_UNINITIALIZED_AUTOS = YES_AGGRESSIVE;
				GCC_WARN_UNUSED_FUNCTION = YES;
				GCC_WARN_UNUSED_VARIABLE = YES;
				IPHONEOS_DEPLOYMENT_TARGET = 12.1;
				MTL_ENABLE_DEBUG_INFO = INCLUDE_SOURCE;
				MTL_FAST_MATH = YES;
				ONLY_ACTIVE_ARCH = YES;
				SDKROOT = iphoneos;
				SWIFT_ACTIVE_COMPILATION_CONDITIONS = DEBUG;
				SWIFT_OPTIMIZATION_LEVEL = "-Onone";
			};
			name = Debug;
		};
		3FE3EA86237718DB002B5303 /* Release */ = {
			isa = XCBuildConfiguration;
			buildSettings = {
				ALWAYS_SEARCH_USER_PATHS = NO;
				CLANG_ANALYZER_NONNULL = YES;
				CLANG_ANALYZER_NUMBER_OBJECT_CONVERSION = YES_AGGRESSIVE;
				CLANG_CXX_LANGUAGE_STANDARD = "gnu++14";
				CLANG_CXX_LIBRARY = "libc++";
				CLANG_ENABLE_MODULES = YES;
				CLANG_ENABLE_OBJC_ARC = YES;
				CLANG_ENABLE_OBJC_WEAK = YES;
				CLANG_WARN_BLOCK_CAPTURE_AUTORELEASING = YES;
				CLANG_WARN_BOOL_CONVERSION = YES;
				CLANG_WARN_COMMA = YES;
				CLANG_WARN_CONSTANT_CONVERSION = YES;
				CLANG_WARN_DEPRECATED_OBJC_IMPLEMENTATIONS = YES;
				CLANG_WARN_DIRECT_OBJC_ISA_USAGE = YES_ERROR;
				CLANG_WARN_DOCUMENTATION_COMMENTS = YES;
				CLANG_WARN_EMPTY_BODY = YES;
				CLANG_WARN_ENUM_CONVERSION = YES;
				CLANG_WARN_INFINITE_RECURSION = YES;
				CLANG_WARN_INT_CONVERSION = YES;
				CLANG_WARN_NON_LITERAL_NULL_CONVERSION = YES;
				CLANG_WARN_OBJC_IMPLICIT_RETAIN_SELF = YES;
				CLANG_WARN_OBJC_LITERAL_CONVERSION = YES;
				CLANG_WARN_OBJC_ROOT_CLASS = YES_ERROR;
				CLANG_WARN_RANGE_LOOP_ANALYSIS = YES;
				CLANG_WARN_STRICT_PROTOTYPES = YES;
				CLANG_WARN_SUSPICIOUS_MOVE = YES;
				CLANG_WARN_UNGUARDED_AVAILABILITY = YES_AGGRESSIVE;
				CLANG_WARN_UNREACHABLE_CODE = YES;
				CLANG_WARN__DUPLICATE_METHOD_MATCH = YES;
				CODE_SIGN_IDENTITY = "iPhone Developer";
				COPY_PHASE_STRIP = NO;
				DEBUG_INFORMATION_FORMAT = "dwarf-with-dsym";
				ENABLE_NS_ASSERTIONS = NO;
				ENABLE_STRICT_OBJC_MSGSEND = YES;
				GCC_C_LANGUAGE_STANDARD = gnu11;
				GCC_NO_COMMON_BLOCKS = YES;
				GCC_WARN_64_TO_32_BIT_CONVERSION = YES;
				GCC_WARN_ABOUT_RETURN_TYPE = YES_ERROR;
				GCC_WARN_UNDECLARED_SELECTOR = YES;
				GCC_WARN_UNINITIALIZED_AUTOS = YES_AGGRESSIVE;
				GCC_WARN_UNUSED_FUNCTION = YES;
				GCC_WARN_UNUSED_VARIABLE = YES;
				IPHONEOS_DEPLOYMENT_TARGET = 12.1;
				MTL_ENABLE_DEBUG_INFO = NO;
				MTL_FAST_MATH = YES;
				SDKROOT = iphoneos;
				SWIFT_COMPILATION_MODE = wholemodule;
				SWIFT_OPTIMIZATION_LEVEL = "-O";
				VALIDATE_PRODUCT = YES;
			};
			name = Release;
		};
		3FE3EA88237718DB002B5303 /* Debug */ = {
			isa = XCBuildConfiguration;
			baseConfigurationReference = 5E2DF6A005C019748144EAA1 /* Pods-BLT.debug.xcconfig */;
			buildSettings = {
				ASSETCATALOG_COMPILER_APPICON_NAME = AppIcon;
				CODE_SIGN_STYLE = Automatic;
				DEVELOPMENT_TEAM = "";
				INFOPLIST_FILE = BLT/Info.plist;
				LD_RUNPATH_SEARCH_PATHS = (
					"$(inherited)",
					"@executable_path/Frameworks",
				);
				PRODUCT_BUNDLE_IDENTIFIER = org.hotchkiss.blt;
				PRODUCT_NAME = "$(TARGET_NAME)";
				SWIFT_VERSION = 4.2;
				TARGETED_DEVICE_FAMILY = 1;
			};
			name = Debug;
		};
		3FE3EA89237718DB002B5303 /* Release */ = {
			isa = XCBuildConfiguration;
			baseConfigurationReference = 89676083EB92947F6E22808B /* Pods-BLT.release.xcconfig */;
			buildSettings = {
				ASSETCATALOG_COMPILER_APPICON_NAME = AppIcon;
				CODE_SIGN_STYLE = Automatic;
				DEVELOPMENT_TEAM = "";
				INFOPLIST_FILE = BLT/Info.plist;
				LD_RUNPATH_SEARCH_PATHS = (
					"$(inherited)",
					"@executable_path/Frameworks",
				);
				PRODUCT_BUNDLE_IDENTIFIER = org.hotchkiss.blt;
				PRODUCT_NAME = "$(TARGET_NAME)";
				SWIFT_VERSION = 4.2;
				TARGETED_DEVICE_FAMILY = 1;
			};
			name = Release;
		};
		3FE3EA8B237718DB002B5303 /* Debug */ = {
			isa = XCBuildConfiguration;
			buildSettings = {
				ALWAYS_EMBED_SWIFT_STANDARD_LIBRARIES = YES;
				BUNDLE_LOADER = "$(TEST_HOST)";
				CODE_SIGN_STYLE = Automatic;
				INFOPLIST_FILE = BLTTests/Info.plist;
				LD_RUNPATH_SEARCH_PATHS = (
					"$(inherited)",
					"@executable_path/Frameworks",
					"@loader_path/Frameworks",
				);
				PRODUCT_BUNDLE_IDENTIFIER = org.Hotchkiss.BLTTests;
				PRODUCT_NAME = "$(TARGET_NAME)";
				SWIFT_VERSION = 4.2;
				TARGETED_DEVICE_FAMILY = "1,2";
				TEST_HOST = "$(BUILT_PRODUCTS_DIR)/BLT.app/BLT";
			};
			name = Debug;
		};
		3FE3EA8C237718DB002B5303 /* Release */ = {
			isa = XCBuildConfiguration;
			buildSettings = {
				ALWAYS_EMBED_SWIFT_STANDARD_LIBRARIES = YES;
				BUNDLE_LOADER = "$(TEST_HOST)";
				CODE_SIGN_STYLE = Automatic;
				INFOPLIST_FILE = BLTTests/Info.plist;
				LD_RUNPATH_SEARCH_PATHS = (
					"$(inherited)",
					"@executable_path/Frameworks",
					"@loader_path/Frameworks",
				);
				PRODUCT_BUNDLE_IDENTIFIER = org.Hotchkiss.BLTTests;
				PRODUCT_NAME = "$(TARGET_NAME)";
				SWIFT_VERSION = 4.2;
				TARGETED_DEVICE_FAMILY = "1,2";
				TEST_HOST = "$(BUILT_PRODUCTS_DIR)/BLT.app/BLT";
			};
			name = Release;
		};
		3FE3EA8E237718DB002B5303 /* Debug */ = {
			isa = XCBuildConfiguration;
			buildSettings = {
				ALWAYS_EMBED_SWIFT_STANDARD_LIBRARIES = YES;
				CODE_SIGN_STYLE = Automatic;
				INFOPLIST_FILE = BLTUITests/Info.plist;
				LD_RUNPATH_SEARCH_PATHS = (
					"$(inherited)",
					"@executable_path/Frameworks",
					"@loader_path/Frameworks",
				);
				PRODUCT_BUNDLE_IDENTIFIER = org.Hotchkiss.BLTUITests;
				PRODUCT_NAME = "$(TARGET_NAME)";
				SWIFT_VERSION = 4.2;
				TARGETED_DEVICE_FAMILY = "1,2";
				TEST_TARGET_NAME = BLT;
			};
			name = Debug;
		};
		3FE3EA8F237718DB002B5303 /* Release */ = {
			isa = XCBuildConfiguration;
			buildSettings = {
				ALWAYS_EMBED_SWIFT_STANDARD_LIBRARIES = YES;
				CODE_SIGN_STYLE = Automatic;
				INFOPLIST_FILE = BLTUITests/Info.plist;
				LD_RUNPATH_SEARCH_PATHS = (
					"$(inherited)",
					"@executable_path/Frameworks",
					"@loader_path/Frameworks",
				);
				PRODUCT_BUNDLE_IDENTIFIER = org.Hotchkiss.BLTUITests;
				PRODUCT_NAME = "$(TARGET_NAME)";
				SWIFT_VERSION = 4.2;
				TARGETED_DEVICE_FAMILY = "1,2";
				TEST_TARGET_NAME = BLT;
			};
			name = Release;
		};
/* End XCBuildConfiguration section */

/* Begin XCConfigurationList section */
		3FE3EA5A237718D3002B5303 /* Build configuration list for PBXProject "BLT" */ = {
			isa = XCConfigurationList;
			buildConfigurations = (
				3FE3EA85237718DB002B5303 /* Debug */,
				3FE3EA86237718DB002B5303 /* Release */,
			);
			defaultConfigurationIsVisible = 0;
			defaultConfigurationName = Release;
		};
		3FE3EA87237718DB002B5303 /* Build configuration list for PBXNativeTarget "BLT" */ = {
			isa = XCConfigurationList;
			buildConfigurations = (
				3FE3EA88237718DB002B5303 /* Debug */,
				3FE3EA89237718DB002B5303 /* Release */,
			);
			defaultConfigurationIsVisible = 0;
			defaultConfigurationName = Release;
		};
		3FE3EA8A237718DB002B5303 /* Build configuration list for PBXNativeTarget "BLTTests" */ = {
			isa = XCConfigurationList;
			buildConfigurations = (
				3FE3EA8B237718DB002B5303 /* Debug */,
				3FE3EA8C237718DB002B5303 /* Release */,
			);
			defaultConfigurationIsVisible = 0;
			defaultConfigurationName = Release;
		};
		3FE3EA8D237718DB002B5303 /* Build configuration list for PBXNativeTarget "BLTUITests" */ = {
			isa = XCConfigurationList;
			buildConfigurations = (
				3FE3EA8E237718DB002B5303 /* Debug */,
				3FE3EA8F237718DB002B5303 /* Release */,
			);
			defaultConfigurationIsVisible = 0;
			defaultConfigurationName = Release;
		};
/* End XCConfigurationList section */
	};
	rootObject = 3FE3EA57237718D3002B5303 /* Project object */;
}
