PODS:
  - Charts (3.2.2):
    - Charts/Core (= 3.2.2)
  - Charts/Core (3.2.2)
  - DropDown (2.3.4)
  - RandomColorSwift (1.0.0)
  - SwiftLint (0.38.2)

DEPENDENCIES:
  - Charts (~> 3.2.2)
  - DropDown (= 2.3.4)
  - RandomColorSwift
  - SwiftLint

SPEC REPOS:
  trunk:
    - Charts
    - DropDown
    - RandomColorSwift
    - SwiftLint

SPEC CHECKSUMS:
  Charts: f69cf0518b6d1d62608ca504248f1bbe0b6ae77e
  DropDown: f225ff0fd09dde064d17aa03db7e4d4e4ff40b6b
  RandomColorSwift: 9f85058b721665d52d239ca166a913e083506444
  SwiftLint: 8f5d2f903e1c9bcbc832fd16771e80a263ac6cbb

PODFILE CHECKSUM: 388ccae370b96ff55ab09f2ddfe1851bbd1d848e

COCOAPODS: 1.8.4
